// !$*UTF8*$!
{
	archiveVersion = 1;
	classes = {
	};
	objectVersion = 55;
	objects = {

/* Begin PBXBuildFile section */
		A9DD2BCF8442C7F149F9E344 /* Pods_TodoeyApp.framework in Frameworks */ = {isa = PBXBuildFile; fileRef = 32DED64A56D88F4638760C0C /* Pods_TodoeyApp.framework */; };
		B23256E028CF8E93003ED13B /* CategoryTableViewController.swift in Sources */ = {isa = PBXBuildFile; fileRef = B23256DF28CF8E93003ED13B /* CategoryTableViewController.swift */; };
		B23256E628CFBE6E003ED13B /* Item.swift in Sources */ = {isa = PBXBuildFile; fileRef = B23256E528CFBE6E003ED13B /* Item.swift */; };
		B23256E828CFBE79003ED13B /* Category.swift in Sources */ = {isa = PBXBuildFile; fileRef = B23256E728CFBE79003ED13B /* Category.swift */; };
		B2F7710D28D02F5B0075CECF /* SwipeTableViewController.swift in Sources */ = {isa = PBXBuildFile; fileRef = B2F7710C28D02F5B0075CECF /* SwipeTableViewController.swift */; };
		B2FC7C8228CE7BF800EE6529 /* AppDelegate.swift in Sources */ = {isa = PBXBuildFile; fileRef = B2FC7C8128CE7BF800EE6529 /* AppDelegate.swift */; };
		B2FC7C8428CE7BF800EE6529 /* SceneDelegate.swift in Sources */ = {isa = PBXBuildFile; fileRef = B2FC7C8328CE7BF800EE6529 /* SceneDelegate.swift */; };
		B2FC7C8628CE7BF800EE6529 /* TodoListViewController.swift in Sources */ = {isa = PBXBuildFile; fileRef = B2FC7C8528CE7BF800EE6529 /* TodoListViewController.swift */; };
		B2FC7C8928CE7BF800EE6529 /* Main.storyboard in Resources */ = {isa = PBXBuildFile; fileRef = B2FC7C8728CE7BF800EE6529 /* Main.storyboard */; };
		B2FC7C8B28CE7BFA00EE6529 /* Assets.xcassets in Resources */ = {isa = PBXBuildFile; fileRef = B2FC7C8A28CE7BFA00EE6529 /* Assets.xcassets */; };
		B2FC7C8E28CE7BFA00EE6529 /* LaunchScreen.storyboard in Resources */ = {isa = PBXBuildFile; fileRef = B2FC7C8C28CE7BFA00EE6529 /* LaunchScreen.storyboard */; };
/* End PBXBuildFile section */

/* Begin PBXFileReference section */
		1432F47B94604644E21F397E /* Pods-TodoeyApp.release.xcconfig */ = {isa = PBXFileReference; includeInIndex = 1; lastKnownFileType = text.xcconfig; name = "Pods-TodoeyApp.release.xcconfig"; path = "Target Support Files/Pods-TodoeyApp/Pods-TodoeyApp.release.xcconfig"; sourceTree = "<group>"; };
		32DED64A56D88F4638760C0C /* Pods_TodoeyApp.framework */ = {isa = PBXFileReference; explicitFileType = wrapper.framework; includeInIndex = 0; path = Pods_TodoeyApp.framework; sourceTree = BUILT_PRODUCTS_DIR; };
		B23256DF28CF8E93003ED13B /* CategoryTableViewController.swift */ = {isa = PBXFileReference; lastKnownFileType = sourcecode.swift; name = CategoryTableViewController.swift; path = TodoeyApp/CategoryTableViewController.swift; sourceTree = SOURCE_ROOT; };
		B23256E528CFBE6E003ED13B /* Item.swift */ = {isa = PBXFileReference; lastKnownFileType = sourcecode.swift; path = Item.swift; sourceTree = "<group>"; };
		B23256E728CFBE79003ED13B /* Category.swift */ = {isa = PBXFileReference; lastKnownFileType = sourcecode.swift; path = Category.swift; sourceTree = "<group>"; };
		B2F7710C28D02F5B0075CECF /* SwipeTableViewController.swift */ = {isa = PBXFileReference; lastKnownFileType = sourcecode.swift; path = SwipeTableViewController.swift; sourceTree = "<group>"; };
		B2FC7C7E28CE7BF800EE6529 /* TodoeyApp.app */ = {isa = PBXFileReference; explicitFileType = wrapper.application; includeInIndex = 0; path = TodoeyApp.app; sourceTree = BUILT_PRODUCTS_DIR; };
		B2FC7C8128CE7BF800EE6529 /* AppDelegate.swift */ = {isa = PBXFileReference; lastKnownFileType = sourcecode.swift; path = AppDelegate.swift; sourceTree = "<group>"; };
		B2FC7C8328CE7BF800EE6529 /* SceneDelegate.swift */ = {isa = PBXFileReference; lastKnownFileType = sourcecode.swift; path = SceneDelegate.swift; sourceTree = "<group>"; };
		B2FC7C8528CE7BF800EE6529 /* TodoListViewController.swift */ = {isa = PBXFileReference; lastKnownFileType = sourcecode.swift; path = TodoListViewController.swift; sourceTree = "<group>"; };
		B2FC7C8828CE7BF800EE6529 /* Base */ = {isa = PBXFileReference; lastKnownFileType = file.storyboard; name = Base; path = Base.lproj/Main.storyboard; sourceTree = "<group>"; };
		B2FC7C8A28CE7BFA00EE6529 /* Assets.xcassets */ = {isa = PBXFileReference; lastKnownFileType = folder.assetcatalog; path = Assets.xcassets; sourceTree = "<group>"; };
		B2FC7C8D28CE7BFA00EE6529 /* Base */ = {isa = PBXFileReference; lastKnownFileType = file.storyboard; name = Base; path = Base.lproj/LaunchScreen.storyboard; sourceTree = "<group>"; };
		B2FC7C8F28CE7BFA00EE6529 /* Info.plist */ = {isa = PBXFileReference; lastKnownFileType = text.plist.xml; path = Info.plist; sourceTree = "<group>"; };
		B7E91F3DB0A66ABF2C626A84 /* Pods-TodoeyApp.debug.xcconfig */ = {isa = PBXFileReference; includeInIndex = 1; lastKnownFileType = text.xcconfig; name = "Pods-TodoeyApp.debug.xcconfig"; path = "Target Support Files/Pods-TodoeyApp/Pods-TodoeyApp.debug.xcconfig"; sourceTree = "<group>"; };
/* End PBXFileReference section */

/* Begin PBXFrameworksBuildPhase section */
		B2FC7C7B28CE7BF800EE6529 /* Frameworks */ = {
			isa = PBXFrameworksBuildPhase;
			buildActionMask = 2147483647;
			files = (
				A9DD2BCF8442C7F149F9E344 /* Pods_TodoeyApp.framework in Frameworks */,
			);
			runOnlyForDeploymentPostprocessing = 0;
		};
/* End PBXFrameworksBuildPhase section */

/* Begin PBXGroup section */
		5C991A087FA21EA1473F4E8B /* Pods */ = {
			isa = PBXGroup;
			children = (
				B7E91F3DB0A66ABF2C626A84 /* Pods-TodoeyApp.debug.xcconfig */,
				1432F47B94604644E21F397E /* Pods-TodoeyApp.release.xcconfig */,
			);
			path = Pods;
			sourceTree = "<group>";
		};
		9845BCD1B538169BF562A88C /* Frameworks */ = {
			isa = PBXGroup;
			children = (
				32DED64A56D88F4638760C0C /* Pods_TodoeyApp.framework */,
			);
			name = Frameworks;
			sourceTree = "<group>";
		};
		B291FABB28CF6E0C00FB4BE6 /* Model */ = {
			isa = PBXGroup;
			children = (
				B23256E528CFBE6E003ED13B /* Item.swift */,
				B23256E728CFBE79003ED13B /* Category.swift */,
			);
			path = Model;
			sourceTree = "<group>";
		};
		B2FC7C7528CE7BF800EE6529 = {
			isa = PBXGroup;
			children = (
				B2FC7C8028CE7BF800EE6529 /* TodoeyApp */,
				B2FC7C7F28CE7BF800EE6529 /* Products */,
				5C991A087FA21EA1473F4E8B /* Pods */,
				9845BCD1B538169BF562A88C /* Frameworks */,
			);
			sourceTree = "<group>";
		};
		B2FC7C7F28CE7BF800EE6529 /* Products */ = {
			isa = PBXGroup;
			children = (
				B2FC7C7E28CE7BF800EE6529 /* TodoeyApp.app */,
			);
			name = Products;
			sourceTree = "<group>";
		};
		B2FC7C8028CE7BF800EE6529 /* TodoeyApp */ = {
			isa = PBXGroup;
			children = (
				B2FC7C8128CE7BF800EE6529 /* AppDelegate.swift */,
				B2FC7C8328CE7BF800EE6529 /* SceneDelegate.swift */,
				B291FABB28CF6E0C00FB4BE6 /* Model */,
				B2FE073D28CF373A003AE629 /* View */,
				B2FE073E28CF3741003AE629 /* Controller */,
				B2FE074228CF37B2003AE629 /* SupportingFiles */,
				B2FC7C8F28CE7BFA00EE6529 /* Info.plist */,
			);
			path = TodoeyApp;
			sourceTree = "<group>";
		};
		B2FE073D28CF373A003AE629 /* View */ = {
			isa = PBXGroup;
			children = (
				B2FC7C8728CE7BF800EE6529 /* Main.storyboard */,
			);
			path = View;
			sourceTree = "<group>";
		};
		B2FE073E28CF3741003AE629 /* Controller */ = {
			isa = PBXGroup;
			children = (
				B23256DF28CF8E93003ED13B /* CategoryTableViewController.swift */,
				B2FC7C8528CE7BF800EE6529 /* TodoListViewController.swift */,
				B2F7710C28D02F5B0075CECF /* SwipeTableViewController.swift */,
			);
			path = Controller;
			sourceTree = "<group>";
		};
		B2FE074228CF37B2003AE629 /* SupportingFiles */ = {
			isa = PBXGroup;
			children = (
				B2FC7C8A28CE7BFA00EE6529 /* Assets.xcassets */,
				B2FC7C8C28CE7BFA00EE6529 /* LaunchScreen.storyboard */,
			);
			path = SupportingFiles;
			sourceTree = "<group>";
		};
/* End PBXGroup section */

/* Begin PBXNativeTarget section */
		B2FC7C7D28CE7BF800EE6529 /* TodoeyApp */ = {
			isa = PBXNativeTarget;
			buildConfigurationList = B2FC7C9228CE7BFA00EE6529 /* Build configuration list for PBXNativeTarget "TodoeyApp" */;
			buildPhases = (
				E156420CD4478A65B96E9B6B /* [CP] Check Pods Manifest.lock */,
				B2FC7C7A28CE7BF800EE6529 /* Sources */,
				B2FC7C7B28CE7BF800EE6529 /* Frameworks */,
				B2FC7C7C28CE7BF800EE6529 /* Resources */,
				274F72E91ABC1C10AEEFB296 /* [CP] Embed Pods Frameworks */,
			);
			buildRules = (
			);
			dependencies = (
			);
			name = TodoeyApp;
			productName = TodoeyApp;
			productReference = B2FC7C7E28CE7BF800EE6529 /* TodoeyApp.app */;
			productType = "com.apple.product-type.application";
		};
/* End PBXNativeTarget section */

/* Begin PBXProject section */
		B2FC7C7628CE7BF800EE6529 /* Project object */ = {
			isa = PBXProject;
			attributes = {
				BuildIndependentTargetsInParallel = 1;
				LastSwiftUpdateCheck = 1340;
				LastUpgradeCheck = 1340;
				TargetAttributes = {
					B2FC7C7D28CE7BF800EE6529 = {
						CreatedOnToolsVersion = 13.4.1;
					};
				};
			};
			buildConfigurationList = B2FC7C7928CE7BF800EE6529 /* Build configuration list for PBXProject "TodoeyApp" */;
			compatibilityVersion = "Xcode 13.0";
			developmentRegion = en;
			hasScannedForEncodings = 0;
			knownRegions = (
				en,
				Base,
			);
			mainGroup = B2FC7C7528CE7BF800EE6529;
			productRefGroup = B2FC7C7F28CE7BF800EE6529 /* Products */;
			projectDirPath = "";
			projectRoot = "";
			targets = (
				B2FC7C7D28CE7BF800EE6529 /* TodoeyApp */,
			);
		};
/* End PBXProject section */

/* Begin PBXResourcesBuildPhase section */
		B2FC7C7C28CE7BF800EE6529 /* Resources */ = {
			isa = PBXResourcesBuildPhase;
			buildActionMask = 2147483647;
			files = (
				B2FC7C8E28CE7BFA00EE6529 /* LaunchScreen.storyboard in Resources */,
				B2FC7C8B28CE7BFA00EE6529 /* Assets.xcassets in Resources */,
				B2FC7C8928CE7BF800EE6529 /* Main.storyboard in Resources */,
			);
			runOnlyForDeploymentPostprocessing = 0;
		};
/* End PBXResourcesBuildPhase section */

/* Begin PBXShellScriptBuildPhase section */
		274F72E91ABC1C10AEEFB296 /* [CP] Embed Pods Frameworks */ = {
			isa = PBXShellScriptBuildPhase;
			buildActionMask = 2147483647;
			files = (
			);
			inputFileListPaths = (
				"${PODS_ROOT}/Target Support Files/Pods-TodoeyApp/Pods-TodoeyApp-frameworks-${CONFIGURATION}-input-files.xcfilelist",
			);
			name = "[CP] Embed Pods Frameworks";
			outputFileListPaths = (
				"${PODS_ROOT}/Target Support Files/Pods-TodoeyApp/Pods-TodoeyApp-frameworks-${CONFIGURATION}-output-files.xcfilelist",
			);
			runOnlyForDeploymentPostprocessing = 0;
			shellPath = /bin/sh;
			shellScript = "\"${PODS_ROOT}/Target Support Files/Pods-TodoeyApp/Pods-TodoeyApp-frameworks.sh\"\n";
			showEnvVarsInLog = 0;
		};
		E156420CD4478A65B96E9B6B /* [CP] Check Pods Manifest.lock */ = {
			isa = PBXShellScriptBuildPhase;
			buildActionMask = 2147483647;
			files = (
			);
			inputFileListPaths = (
			);
			inputPaths = (
				"${PODS_PODFILE_DIR_PATH}/Podfile.lock",
				"${PODS_ROOT}/Manifest.lock",
			);
			name = "[CP] Check Pods Manifest.lock";
			outputFileListPaths = (
			);
			outputPaths = (
				"$(DERIVED_FILE_DIR)/Pods-TodoeyApp-checkManifestLockResult.txt",
			);
			runOnlyForDeploymentPostprocessing = 0;
			shellPath = /bin/sh;
			shellScript = "diff \"${PODS_PODFILE_DIR_PATH}/Podfile.lock\" \"${PODS_ROOT}/Manifest.lock\" > /dev/null\nif [ $? != 0 ] ; then\n    # print error to STDERR\n    echo \"error: The sandbox is not in sync with the Podfile.lock. Run 'pod install' or update your CocoaPods installation.\" >&2\n    exit 1\nfi\n# This output is used by Xcode 'outputs' to avoid re-running this script phase.\necho \"SUCCESS\" > \"${SCRIPT_OUTPUT_FILE_0}\"\n";
			showEnvVarsInLog = 0;
		};
/* End PBXShellScriptBuildPhase section */

/* Begin PBXSourcesBuildPhase section */
		B2FC7C7A28CE7BF800EE6529 /* Sources */ = {
			isa = PBXSourcesBuildPhase;
			buildActionMask = 2147483647;
			files = (
				B23256E028CF8E93003ED13B /* CategoryTableViewController.swift in Sources */,
				B2FC7C8628CE7BF800EE6529 /* TodoListViewController.swift in Sources */,
				B2FC7C8228CE7BF800EE6529 /* AppDelegate.swift in Sources */,
				B2F7710D28D02F5B0075CECF /* SwipeTableViewController.swift in Sources */,
				B23256E628CFBE6E003ED13B /* Item.swift in Sources */,
				B2FC7C8428CE7BF800EE6529 /* SceneDelegate.swift in Sources */,
				B23256E828CFBE79003ED13B /* Category.swift in Sources */,
			);
			runOnlyForDeploymentPostprocessing = 0;
		};
/* End PBXSourcesBuildPhase section */

/* Begin PBXVariantGroup section */
		B2FC7C8728CE7BF800EE6529 /* Main.storyboard */ = {
			isa = PBXVariantGroup;
			children = (
				B2FC7C8828CE7BF800EE6529 /* Base */,
			);
			name = Main.storyboard;
			sourceTree = "<group>";
		};
		B2FC7C8C28CE7BFA00EE6529 /* LaunchScreen.storyboard */ = {
			isa = PBXVariantGroup;
			children = (
				B2FC7C8D28CE7BFA00EE6529 /* Base */,
			);
			name = LaunchScreen.storyboard;
			sourceTree = "<group>";
		};
/* End PBXVariantGroup section */

/* Begin XCBuildConfiguration section */
		B2FC7C9028CE7BFA00EE6529 /* Debug */ = {
			isa = XCBuildConfiguration;
			buildSettings = {
				ALWAYS_SEARCH_USER_PATHS = NO;
				CLANG_ANALYZER_NONNULL = YES;
				CLANG_ANALYZER_NUMBER_OBJECT_CONVERSION = YES_AGGRESSIVE;
				CLANG_CXX_LANGUAGE_STANDARD = "gnu++17";
				CLANG_ENABLE_MODULES = YES;
				CLANG_ENABLE_OBJC_ARC = YES;
				CLANG_ENABLE_OBJC_WEAK = YES;
				CLANG_WARN_BLOCK_CAPTURE_AUTORELEASING = YES;
				CLANG_WARN_BOOL_CONVERSION = YES;
				CLANG_WARN_COMMA = YES;
				CLANG_WARN_CONSTANT_CONVERSION = YES;
				CLANG_WARN_DEPRECATED_OBJC_IMPLEMENTATIONS = YES;
				CLANG_WARN_DIRECT_OBJC_ISA_USAGE = YES_ERROR;
				CLANG_WARN_DOCUMENTATION_COMMENTS = YES;
				CLANG_WARN_EMPTY_BODY = YES;
				CLANG_WARN_ENUM_CONVERSION = YES;
				CLANG_WARN_INFINITE_RECURSION = YES;
				CLANG_WARN_INT_CONVERSION = YES;
				CLANG_WARN_NON_LITERAL_NULL_CONVERSION = YES;
				CLANG_WARN_OBJC_IMPLICIT_RETAIN_SELF = YES;
				CLANG_WARN_OBJC_LITERAL_CONVERSION = YES;
				CLANG_WARN_OBJC_ROOT_CLASS = YES_ERROR;
				CLANG_WARN_QUOTED_INCLUDE_IN_FRAMEWORK_HEADER = YES;
				CLANG_WARN_RANGE_LOOP_ANALYSIS = YES;
				CLANG_WARN_STRICT_PROTOTYPES = YES;
				CLANG_WARN_SUSPICIOUS_MOVE = YES;
				CLANG_WARN_UNGUARDED_AVAILABILITY = YES_AGGRESSIVE;
				CLANG_WARN_UNREACHABLE_CODE = YES;
				CLANG_WARN__DUPLICATE_METHOD_MATCH = YES;
				COPY_PHASE_STRIP = NO;
				DEBUG_INFORMATION_FORMAT = dwarf;
				ENABLE_STRICT_OBJC_MSGSEND = YES;
				ENABLE_TESTABILITY = YES;
				GCC_C_LANGUAGE_STANDARD = gnu11;
				GCC_DYNAMIC_NO_PIC = NO;
				GCC_NO_COMMON_BLOCKS = YES;
				GCC_OPTIMIZATION_LEVEL = 0;
				GCC_PREPROCESSOR_DEFINITIONS = (
					"DEBUG=1",
					"$(inherited)",
				);
				GCC_WARN_64_TO_32_BIT_CONVERSION = YES;
				GCC_WARN_ABOUT_RETURN_TYPE = YES_ERROR;
				GCC_WARN_UNDECLARED_SELECTOR = YES;
				GCC_WARN_UNINITIALIZED_AUTOS = YES_AGGRESSIVE;
				GCC_WARN_UNUSED_FUNCTION = YES;
				GCC_WARN_UNUSED_VARIABLE = YES;
				IPHONEOS_DEPLOYMENT_TARGET = 15.5;
				MTL_ENABLE_DEBUG_INFO = INCLUDE_SOURCE;
				MTL_FAST_MATH = YES;
				ONLY_ACTIVE_ARCH = YES;
				SDKROOT = iphoneos;
				SWIFT_ACTIVE_COMPILATION_CONDITIONS = DEBUG;
				SWIFT_OPTIMIZATION_LEVEL = "-Onone";
			};
			name = Debug;
		};
		B2FC7C9128CE7BFA00EE6529 /* Release */ = {
			isa = XCBuildConfiguration;
			buildSettings = {
				ALWAYS_SEARCH_USER_PATHS = NO;
				CLANG_ANALYZER_NONNULL = YES;
				CLANG_ANALYZER_NUMBER_OBJECT_CONVERSION = YES_AGGRESSIVE;
				CLANG_CXX_LANGUAGE_STANDARD = "gnu++17";
				CLANG_ENABLE_MODULES = YES;
				CLANG_ENABLE_OBJC_ARC = YES;
				CLANG_ENABLE_OBJC_WEAK = YES;
				CLANG_WARN_BLOCK_CAPTURE_AUTORELEASING = YES;
				CLANG_WARN_BOOL_CONVERSION = YES;
				CLANG_WARN_COMMA = YES;
				CLANG_WARN_CONSTANT_CONVERSION = YES;
				CLANG_WARN_DEPRECATED_OBJC_IMPLEMENTATIONS = YES;
				CLANG_WARN_DIRECT_OBJC_ISA_USAGE = YES_ERROR;
				CLANG_WARN_DOCUMENTATION_COMMENTS = YES;
				CLANG_WARN_EMPTY_BODY = YES;
				CLANG_WARN_ENUM_CONVERSION = YES;
				CLANG_WARN_INFINITE_RECURSION = YES;
				CLANG_WARN_INT_CONVERSION = YES;
				CLANG_WARN_NON_LITERAL_NULL_CONVERSION = YES;
				CLANG_WARN_OBJC_IMPLICIT_RETAIN_SELF = YES;
				CLANG_WARN_OBJC_LITERAL_CONVERSION = YES;
				CLANG_WARN_OBJC_ROOT_CLASS = YES_ERROR;
				CLANG_WARN_QUOTED_INCLUDE_IN_FRAMEWORK_HEADER = YES;
				CLANG_WARN_RANGE_LOOP_ANALYSIS = YES;
				CLANG_WARN_STRICT_PROTOTYPES = YES;
				CLANG_WARN_SUSPICIOUS_MOVE = YES;
				CLANG_WARN_UNGUARDED_AVAILABILITY = YES_AGGRESSIVE;
				CLANG_WARN_UNREACHABLE_CODE = YES;
				CLANG_WARN__DUPLICATE_METHOD_MATCH = YES;
				COPY_PHASE_STRIP = NO;
				DEBUG_INFORMATION_FORMAT = "dwarf-with-dsym";
				ENABLE_NS_ASSERTIONS = NO;
				ENABLE_STRICT_OBJC_MSGSEND = YES;
				GCC_C_LANGUAGE_STANDARD = gnu11;
				GCC_NO_COMMON_BLOCKS = YES;
				GCC_WARN_64_TO_32_BIT_CONVERSION = YES;
				GCC_WARN_ABOUT_RETURN_TYPE = YES_ERROR;
				GCC_WARN_UNDECLARED_SELECTOR = YES;
				GCC_WARN_UNINITIALIZED_AUTOS = YES_AGGRESSIVE;
				GCC_WARN_UNUSED_FUNCTION = YES;
				GCC_WARN_UNUSED_VARIABLE = YES;
				IPHONEOS_DEPLOYMENT_TARGET = 15.5;
				MTL_ENABLE_DEBUG_INFO = NO;
				MTL_FAST_MATH = YES;
				SDKROOT = iphoneos;
				SWIFT_COMPILATION_MODE = wholemodule;
				SWIFT_OPTIMIZATION_LEVEL = "-O";
				VALIDATE_PRODUCT = YES;
			};
			name = Release;
		};
		B2FC7C9328CE7BFA00EE6529 /* Debug */ = {
			isa = XCBuildConfiguration;
			baseConfigurationReference = B7E91F3DB0A66ABF2C626A84 /* Pods-TodoeyApp.debug.xcconfig */;
			buildSettings = {
				ASSETCATALOG_COMPILER_APPICON_NAME = AppIcon;
				ASSETCATALOG_COMPILER_GLOBAL_ACCENT_COLOR_NAME = AccentColor;
				CODE_SIGN_STYLE = Automatic;
				CURRENT_PROJECT_VERSION = 1;
				GENERATE_INFOPLIST_FILE = YES;
				INFOPLIST_FILE = TodoeyApp/Info.plist;
				INFOPLIST_KEY_UIApplicationSupportsIndirectInputEvents = YES;
				INFOPLIST_KEY_UILaunchStoryboardName = LaunchScreen;
				INFOPLIST_KEY_UIMainStoryboardFile = Main;
				INFOPLIST_KEY_UISupportedInterfaceOrientations_iPad = "UIInterfaceOrientationPortrait UIInterfaceOrientationPortraitUpsideDown UIInterfaceOrientationLandscapeLeft UIInterfaceOrientationLandscapeRight";
				INFOPLIST_KEY_UISupportedInterfaceOrientations_iPhone = "UIInterfaceOrientationPortrait UIInterfaceOrientationLandscapeLeft UIInterfaceOrientationLandscapeRight";
				LD_RUNPATH_SEARCH_PATHS = (
					"$(inherited)",
					"@executable_path/Frameworks",
				);
				MARKETING_VERSION = 1.0;
				PRODUCT_BUNDLE_IDENTIFIER = com.thoughtworks.TodoeyApp;
				PRODUCT_NAME = "$(TARGET_NAME)";
				SWIFT_EMIT_LOC_STRINGS = YES;
				SWIFT_VERSION = 5.0;
				TARGETED_DEVICE_FAMILY = "1,2";
			};
			name = Debug;
		};
		B2FC7C9428CE7BFA00EE6529 /* Release */ = {
			isa = XCBuildConfiguration;
			baseConfigurationReference = 1432F47B94604644E21F397E /* Pods-TodoeyApp.release.xcconfig */;
			buildSettings = {
				ASSETCATALOG_COMPILER_APPICON_NAME = AppIcon;
				ASSETCATALOG_COMPILER_GLOBAL_ACCENT_COLOR_NAME = AccentColor;
				CODE_SIGN_STYLE = Automatic;
				CURRENT_PROJECT_VERSION = 1;
				GENERATE_INFOPLIST_FILE = YES;
				INFOPLIST_FILE = TodoeyApp/Info.plist;
				INFOPLIST_KEY_UIApplicationSupportsIndirectInputEvents = YES;
				INFOPLIST_KEY_UILaunchStoryboardName = LaunchScreen;
				INFOPLIST_KEY_UIMainStoryboardFile = Main;
				INFOPLIST_KEY_UISupportedInterfaceOrientations_iPad = "UIInterfaceOrientationPortrait UIInterfaceOrientationPortraitUpsideDown UIInterfaceOrientationLandscapeLeft UIInterfaceOrientationLandscapeRight";
				INFOPLIST_KEY_UISupportedInterfaceOrientations_iPhone = "UIInterfaceOrientationPortrait UIInterfaceOrientationLandscapeLeft UIInterfaceOrientationLandscapeRight";
				LD_RUNPATH_SEARCH_PATHS = (
					"$(inherited)",
					"@executable_path/Frameworks",
				);
				MARKETING_VERSION = 1.0;
				PRODUCT_BUNDLE_IDENTIFIER = com.thoughtworks.TodoeyApp;
				PRODUCT_NAME = "$(TARGET_NAME)";
				SWIFT_EMIT_LOC_STRINGS = YES;
				SWIFT_VERSION = 5.0;
				TARGETED_DEVICE_FAMILY = "1,2";
			};
			name = Release;
		};
/* End XCBuildConfiguration section */

/* Begin XCConfigurationList section */
		B2FC7C7928CE7BF800EE6529 /* Build configuration list for PBXProject "TodoeyApp" */ = {
			isa = XCConfigurationList;
			buildConfigurations = (
				B2FC7C9028CE7BFA00EE6529 /* Debug */,
				B2FC7C9128CE7BFA00EE6529 /* Release */,
			);
			defaultConfigurationIsVisible = 0;
			defaultConfigurationName = Release;
		};
		B2FC7C9228CE7BFA00EE6529 /* Build configuration list for PBXNativeTarget "TodoeyApp" */ = {
			isa = XCConfigurationList;
			buildConfigurations = (
				B2FC7C9328CE7BFA00EE6529 /* Debug */,
				B2FC7C9428CE7BFA00EE6529 /* Release */,
			);
			defaultConfigurationIsVisible = 0;
			defaultConfigurationName = Release;
		};
/* End XCConfigurationList section */
	};
	rootObject = B2FC7C7628CE7BF800EE6529 /* Project object */;
}
